
Microsoft Visual Studio Solution File, Format Version 12.00
# Visual Studio 14
VisualStudioVersion = 14.0.25420.1
MinimumVisualStudioVersion = 10.0.40219.1
Project("{FAE04EC0-301F-11D3-BF4B-00C04F79EFBC}") = "Phantoscope", "Phantoscope\Phantoscope.csproj", "{90F4F533-B8EF-4A02-8416-935EC1191847}"
EndProject
Project("{FAE04EC0-301F-11D3-BF4B-00C04F79EFBC}") = "Y.Utils.Net20", "..\..\..\Project\Fork\Fork.Net\Y.Utils.Net20\Y.Utils.Net20.csproj", "{EE89927C-03A6-4E57-B69A-DE71B101FCA7}"
EndProject
Project("{FAE04EC0-301F-11D3-BF4B-00C04F79EFBC}") = "Y.Controls", "..\..\..\Project\Fork\Fork.Net\Y.Controls\Y.Controls.csproj", "{E10EC8D2-22E2-4387-9D9B-36A5429B67C1}"
EndProject
Global
	GlobalSection(SolutionConfigurationPlatforms) = preSolution
		Debug|Any CPU = Debug|Any CPU
		Debug|x86 = Debug|x86
		Release|Any CPU = Release|Any CPU
		Release|x86 = Release|x86
	EndGlobalSection
	GlobalSection(ProjectConfigurationPlatforms) = postSolution
		{90F4F533-B8EF-4A02-8416-935EC1191847}.Debug|Any CPU.ActiveCfg = Debug|Any CPU
		{90F4F533-B8EF-4A02-8416-935EC1191847}.Debug|Any CPU.Build.0 = Debug|Any CPU
		{90F4F533-B8EF-4A02-8416-935EC1191847}.Debug|x86.ActiveCfg = Debug|Any CPU
		{90F4F533-B8EF-4A02-8416-935EC1191847}.Debug|x86.Build.0 = Debug|Any CPU
		{90F4F533-B8EF-4A02-8416-935EC1191847}.Release|Any CPU.ActiveCfg = Release|Any CPU
		{90F4F533-B8EF-4A02-8416-935EC1191847}.Release|Any CPU.Build.0 = Release|Any CPU
		{90F4F533-B8EF-4A02-8416-935EC1191847}.Release|x86.ActiveCfg = Release|Any CPU
		{90F4F533-B8EF-4A02-8416-935EC1191847}.Release|x86.Build.0 = Release|Any CPU
		{EE89927C-03A6-4E57-B69A-DE71B101FCA7}.Debug|Any CPU.ActiveCfg = Debug|Any CPU
		{EE89927C-03A6-4E57-B69A-DE71B101FCA7}.Debug|Any CPU.Build.0 = Debug|Any CPU
		{EE89927C-03A6-4E57-B69A-DE71B101FCA7}.Debug|x86.ActiveCfg = Debug|Any CPU
		{EE89927C-03A6-4E57-B69A-DE71B101FCA7}.Debug|x86.Build.0 = Debug|Any CPU
		{EE89927C-03A6-4E57-B69A-DE71B101FCA7}.Release|Any CPU.ActiveCfg = Release|Any CPU
		{EE89927C-03A6-4E57-B69A-DE71B101FCA7}.Release|Any CPU.Build.0 = Release|Any CPU
		{EE89927C-03A6-4E57-B69A-DE71B101FCA7}.Release|x86.ActiveCfg = Release|Any CPU
		{EE89927C-03A6-4E57-B69A-DE71B101FCA7}.Release|x86.Build.0 = Release|Any CPU
		{E10EC8D2-22E2-4387-9D9B-36A5429B67C1}.Debug|Any CPU.ActiveCfg = Debug|Any CPU
		{E10EC8D2-22E2-4387-9D9B-36A5429B67C1}.Debug|Any CPU.Build.0 = Debug|Any CPU
		{E10EC8D2-22E2-4387-9D9B-36A5429B67C1}.Debug|x86.ActiveCfg = Debug|Any CPU
		{E10EC8D2-22E2-4387-9D9B-36A5429B67C1}.Debug|x86.Build.0 = Debug|Any CPU
		{E10EC8D2-22E2-4387-9D9B-36A5429B67C1}.Release|Any CPU.ActiveCfg = Release|Any CPU
		{E10EC8D2-22E2-4387-9D9B-36A5429B67C1}.Release|Any CPU.Build.0 = Release|Any CPU
		{E10EC8D2-22E2-4387-9D9B-36A5429B67C1}.Release|x86.ActiveCfg = Release|Any CPU
		{E10EC8D2-22E2-4387-9D9B-36A5429B67C1}.Release|x86.Build.0 = Release|Any CPU
	EndGlobalSection
	GlobalSection(SolutionProperties) = preSolution
		HideSolutionNode = FALSE
	EndGlobalSection
EndGlobal
